
Microsoft Visual Studio Solution File, Format Version 12.00
# Visual Studio Version 17
VisualStudioVersion = 17.11.35327.3
MinimumVisualStudioVersion = 10.0.40219.1
Project("{9A19103F-16F7-4668-BE54-9A1E7A4F7556}") = "Mobile application", "Mobile application\Mobile application.csproj", "{DE641C5B-F339-4910-9BCD-79D37D4B1CE4}"
EndProject
Project("{9A19103F-16F7-4668-BE54-9A1E7A4F7556}") = "REST API server", "REST API server\REST API server.csproj", "{3C83B5AF-F32C-4F92-B5F1-10DA8A0E4DA6}"
EndProject
Project("{FAE04EC0-301F-11D3-BF4B-00C04F79EFBC}") = "DB migration tool", "DB migration tool\DB migration tool.csproj", "{EC6D72F8-AD82-48CD-B73D-BDFE139E0CC1}"
EndProject
Global
	GlobalSection(SolutionConfigurationPlatforms) = preSolution
		Debug|Any CPU = Debug|Any CPU
		Debug|x64 = Debug|x64
		Debug|x86 = Debug|x86
		Release|Any CPU = Release|Any CPU
		Release|x64 = Release|x64
		Release|x86 = Release|x86
	EndGlobalSection
	GlobalSection(ProjectConfigurationPlatforms) = postSolution
		{DE641C5B-F339-4910-9BCD-79D37D4B1CE4}.Debug|Any CPU.ActiveCfg = Debug|Any CPU
		{DE641C5B-F339-4910-9BCD-79D37D4B1CE4}.Debug|Any CPU.Build.0 = Debug|Any CPU
		{DE641C5B-F339-4910-9BCD-79D37D4B1CE4}.Debug|Any CPU.Deploy.0 = Debug|Any CPU
		{DE641C5B-F339-4910-9BCD-79D37D4B1CE4}.Debug|x64.ActiveCfg = Debug|Any CPU
		{DE641C5B-F339-4910-9BCD-79D37D4B1CE4}.Debug|x64.Build.0 = Debug|Any CPU
		{DE641C5B-F339-4910-9BCD-79D37D4B1CE4}.Debug|x64.Deploy.0 = Debug|Any CPU
		{DE641C5B-F339-4910-9BCD-79D37D4B1CE4}.Debug|x86.ActiveCfg = Debug|Any CPU
		{DE641C5B-F339-4910-9BCD-79D37D4B1CE4}.Debug|x86.Build.0 = Debug|Any CPU
		{DE641C5B-F339-4910-9BCD-79D37D4B1CE4}.Debug|x86.Deploy.0 = Debug|Any CPU
		{DE641C5B-F339-4910-9BCD-79D37D4B1CE4}.Release|Any CPU.ActiveCfg = Release|Any CPU
		{DE641C5B-F339-4910-9BCD-79D37D4B1CE4}.Release|Any CPU.Build.0 = Release|Any CPU
		{DE641C5B-F339-4910-9BCD-79D37D4B1CE4}.Release|Any CPU.Deploy.0 = Release|Any CPU
		{DE641C5B-F339-4910-9BCD-79D37D4B1CE4}.Release|x64.ActiveCfg = Release|Any CPU
		{DE641C5B-F339-4910-9BCD-79D37D4B1CE4}.Release|x64.Build.0 = Release|Any CPU
		{DE641C5B-F339-4910-9BCD-79D37D4B1CE4}.Release|x64.Deploy.0 = Release|Any CPU
		{DE641C5B-F339-4910-9BCD-79D37D4B1CE4}.Release|x86.ActiveCfg = Release|Any CPU
		{DE641C5B-F339-4910-9BCD-79D37D4B1CE4}.Release|x86.Build.0 = Release|Any CPU
		{DE641C5B-F339-4910-9BCD-79D37D4B1CE4}.Release|x86.Deploy.0 = Release|Any CPU
		{3C83B5AF-F32C-4F92-B5F1-10DA8A0E4DA6}.Debug|Any CPU.ActiveCfg = Debug|Any CPU
		{3C83B5AF-F32C-4F92-B5F1-10DA8A0E4DA6}.Debug|Any CPU.Build.0 = Debug|Any CPU
		{3C83B5AF-F32C-4F92-B5F1-10DA8A0E4DA6}.Debug|x64.ActiveCfg = Debug|Any CPU
		{3C83B5AF-F32C-4F92-B5F1-10DA8A0E4DA6}.Debug|x64.Build.0 = Debug|Any CPU
		{3C83B5AF-F32C-4F92-B5F1-10DA8A0E4DA6}.Debug|x86.ActiveCfg = Debug|Any CPU
		{3C83B5AF-F32C-4F92-B5F1-10DA8A0E4DA6}.Debug|x86.Build.0 = Debug|Any CPU
		{3C83B5AF-F32C-4F92-B5F1-10DA8A0E4DA6}.Release|Any CPU.ActiveCfg = Release|Any CPU
		{3C83B5AF-F32C-4F92-B5F1-10DA8A0E4DA6}.Release|Any CPU.Build.0 = Release|Any CPU
		{3C83B5AF-F32C-4F92-B5F1-10DA8A0E4DA6}.Release|x64.ActiveCfg = Release|Any CPU
		{3C83B5AF-F32C-4F92-B5F1-10DA8A0E4DA6}.Release|x64.Build.0 = Release|Any CPU
		{3C83B5AF-F32C-4F92-B5F1-10DA8A0E4DA6}.Release|x86.ActiveCfg = Release|Any CPU
		{3C83B5AF-F32C-4F92-B5F1-10DA8A0E4DA6}.Release|x86.Build.0 = Release|Any CPU
		{EC6D72F8-AD82-48CD-B73D-BDFE139E0CC1}.Debug|Any CPU.ActiveCfg = Debug|Any CPU
		{EC6D72F8-AD82-48CD-B73D-BDFE139E0CC1}.Debug|Any CPU.Build.0 = Debug|Any CPU
		{EC6D72F8-AD82-48CD-B73D-BDFE139E0CC1}.Debug|x64.ActiveCfg = Debug|Any CPU
		{EC6D72F8-AD82-48CD-B73D-BDFE139E0CC1}.Debug|x64.Build.0 = Debug|Any CPU
		{EC6D72F8-AD82-48CD-B73D-BDFE139E0CC1}.Debug|x86.ActiveCfg = Debug|Any CPU
		{EC6D72F8-AD82-48CD-B73D-BDFE139E0CC1}.Debug|x86.Build.0 = Debug|Any CPU
		{EC6D72F8-AD82-48CD-B73D-BDFE139E0CC1}.Release|Any CPU.ActiveCfg = Release|Any CPU
		{EC6D72F8-AD82-48CD-B73D-BDFE139E0CC1}.Release|Any CPU.Build.0 = Release|Any CPU
		{EC6D72F8-AD82-48CD-B73D-BDFE139E0CC1}.Release|x64.ActiveCfg = Release|Any CPU
		{EC6D72F8-AD82-48CD-B73D-BDFE139E0CC1}.Release|x64.Build.0 = Release|Any CPU
		{EC6D72F8-AD82-48CD-B73D-BDFE139E0CC1}.Release|x86.ActiveCfg = Release|Any CPU
		{EC6D72F8-AD82-48CD-B73D-BDFE139E0CC1}.Release|x86.Build.0 = Release|Any CPU
	EndGlobalSection
	GlobalSection(SolutionProperties) = preSolution
		HideSolutionNode = FALSE
	EndGlobalSection
	GlobalSection(ExtensibilityGlobals) = postSolution
		SolutionGuid = {FDDEF5A1-A67F-42C3-8A7D-2D4AC1540E52}
	EndGlobalSection
EndGlobal
